
Microsoft Visual Studio Solution File, Format Version 12.00
# Visual Studio Version 16
VisualStudioVersion = 16.0.30523.141
MinimumVisualStudioVersion = 10.0.40219.1
Project("{8BC9CEB8-8B4A-11D0-8D11-00A0C91BC942}") = "lab_05_63010187", "lab_05_63010187\lab_05_63010187.vcxproj", "{9489D5BD-9DA0-4319-A5EC-B4664975737D}"
EndProject
Global
	GlobalSection(SolutionConfigurationPlatforms) = preSolution
		Debug|x64 = Debug|x64
		Debug|x86 = Debug|x86
		Release|x64 = Release|x64
		Release|x86 = Release|x86
	EndGlobalSection
	GlobalSection(ProjectConfigurationPlatforms) = postSolution
		{9489D5BD-9DA0-4319-A5EC-B4664975737D}.Debug|x64.ActiveCfg = Debug|x64
		{9489D5BD-9DA0-4319-A5EC-B4664975737D}.Debug|x64.Build.0 = Debug|x64
		{9489D5BD-9DA0-4319-A5EC-B4664975737D}.Debug|x86.ActiveCfg = Debug|Win32
		{9489D5BD-9DA0-4319-A5EC-B4664975737D}.Debug|x86.Build.0 = Debug|Win32
		{9489D5BD-9DA0-4319-A5EC-B4664975737D}.Release|x64.ActiveCfg = Release|x64
		{9489D5BD-9DA0-4319-A5EC-B4664975737D}.Release|x64.Build.0 = Release|x64
		{9489D5BD-9DA0-4319-A5EC-B4664975737D}.Release|x86.ActiveCfg = Release|Win32
		{9489D5BD-9DA0-4319-A5EC-B4664975737D}.Release|x86.Build.0 = Release|Win32
	EndGlobalSection
	GlobalSection(SolutionProperties) = preSolution
		HideSolutionNode = FALSE
	EndGlobalSection
	GlobalSection(ExtensibilityGlobals) = postSolution
		SolutionGuid = {374B3F91-695D-48A2-BE9B-E1D305E6E54D}
	EndGlobalSection
EndGlobal
